
Microsoft Visual Studio Solution File, Format Version 12.00
# Visual Studio Version 16
VisualStudioVersion = 16.0.32630.194
MinimumVisualStudioVersion = 10.0.40219.1
Project("{FAE04EC0-301F-11D3-BF4B-00C04F79EFBC}") = "API1", "API1\API1.csproj", "{4901E3E8-C434-4BDA-93E4-ABCC64C63B21}"
EndProject
Global
	GlobalSection(SolutionConfigurationPlatforms) = preSolution
		Debug|Any CPU = Debug|Any CPU
		Release|Any CPU = Release|Any CPU
	EndGlobalSection
	GlobalSection(ProjectConfigurationPlatforms) = postSolution
		{4901E3E8-C434-4BDA-93E4-ABCC64C63B21}.Debug|Any CPU.ActiveCfg = Debug|Any CPU
		{4901E3E8-C434-4BDA-93E4-ABCC64C63B21}.Debug|Any CPU.Build.0 = Debug|Any CPU
		{4901E3E8-C434-4BDA-93E4-ABCC64C63B21}.Release|Any CPU.ActiveCfg = Release|Any CPU
		{4901E3E8-C434-4BDA-93E4-ABCC64C63B21}.Release|Any CPU.Build.0 = Release|Any CPU
	EndGlobalSection
	GlobalSection(SolutionProperties) = preSolution
		HideSolutionNode = FALSE
	EndGlobalSection
	GlobalSection(ExtensibilityGlobals) = postSolution
		SolutionGuid = {92483916-0922-4399-9B61-0DF1F1797762}
	EndGlobalSection
EndGlobal
